
Microsoft Visual Studio Solution File, Format Version 12.00
# Visual Studio 15
VisualStudioVersion = 15.0.27428.2011
MinimumVisualStudioVersion = 10.0.40219.1
Project("{FAE04EC0-301F-11D3-BF4B-00C04F79EFBC}") = "BiopacConverter", "BiopacConverter\BiopacConverter.csproj", "{5EFB1655-FB0E-4846-9026-1AC2480DA53E}"
EndProject
Global
	GlobalSection(SolutionConfigurationPlatforms) = preSolution
		Debug|Any CPU = Debug|Any CPU
		Release|Any CPU = Release|Any CPU
	EndGlobalSection
	GlobalSection(ProjectConfigurationPlatforms) = postSolution
		{5EFB1655-FB0E-4846-9026-1AC2480DA53E}.Debug|Any CPU.ActiveCfg = Debug|Any CPU
		{5EFB1655-FB0E-4846-9026-1AC2480DA53E}.Debug|Any CPU.Build.0 = Debug|Any CPU
		{5EFB1655-FB0E-4846-9026-1AC2480DA53E}.Release|Any CPU.ActiveCfg = Release|Any CPU
		{5EFB1655-FB0E-4846-9026-1AC2480DA53E}.Release|Any CPU.Build.0 = Release|Any CPU
	EndGlobalSection
	GlobalSection(SolutionProperties) = preSolution
		HideSolutionNode = FALSE
	EndGlobalSection
	GlobalSection(ExtensibilityGlobals) = postSolution
		SolutionGuid = {06D6B2F1-077A-4E42-B39C-9392451D3639}
	EndGlobalSection
EndGlobal
